
Microsoft Visual Studio Solution File, Format Version 12.00
# Visual Studio Version 17
VisualStudioVersion = 17.9.34622.214
MinimumVisualStudioVersion = 10.0.40219.1
Project("{FAE04EC0-301F-11D3-BF4B-00C04F79EFBC}") = "FlexApiMeter", "FlexApiMeter.csproj", "{DA20F6D2-DD46-4F8D-8520-801D97CA0528}"
EndProject
Project("{2150E333-8FDC-42A3-9474-1A3956D46DE8}") = "Solution Items", "Solution Items", "{70412861-A7D7-4A03-9978-531135B7C3B6}"
	ProjectSection(SolutionItems) = preProject
		README.md = README.md
	EndProjectSection
EndProject
Global
	GlobalSection(SolutionConfigurationPlatforms) = preSolution
		Debug|Any CPU = Debug|Any CPU
		Release|Any CPU = Release|Any CPU
	EndGlobalSection
	GlobalSection(ProjectConfigurationPlatforms) = postSolution
		{DA20F6D2-DD46-4F8D-8520-801D97CA0528}.Debug|Any CPU.ActiveCfg = Debug|Any CPU
		{DA20F6D2-DD46-4F8D-8520-801D97CA0528}.Debug|Any CPU.Build.0 = Debug|Any CPU
		{DA20F6D2-DD46-4F8D-8520-801D97CA0528}.Release|Any CPU.ActiveCfg = Release|Any CPU
		{DA20F6D2-DD46-4F8D-8520-801D97CA0528}.Release|Any CPU.Build.0 = Release|Any CPU
	EndGlobalSection
	GlobalSection(SolutionProperties) = preSolution
		HideSolutionNode = FALSE
	EndGlobalSection
	GlobalSection(ExtensibilityGlobals) = postSolution
		SolutionGuid = {2BF21FEB-FDA5-4AEB-8CF4-6B409978DF2B}
	EndGlobalSection
EndGlobal
